
Microsoft Visual Studio Solution File, Format Version 12.00
# Visual Studio 15
Project("{FAE04EC0-301F-11D3-BF4B-00C04F79EFBC}") = "Assembly-CSharp", "Assembly-CSharp.csproj", "{D5B62027-C3D7-0947-3A5F-90B3D6714071}"
EndProject
Project("{FAE04EC0-301F-11D3-BF4B-00C04F79EFBC}") = "Assembly-CSharp-Editor", "Assembly-CSharp-Editor.csproj", "{3BF34101-091B-CBDF-EBB9-69FD41CD6CEB}"
EndProject
Global
	GlobalSection(SolutionConfigurationPlatforms) = preSolution
		Debug|Any CPU = Debug|Any CPU
		Release|Any CPU = Release|Any CPU
	EndGlobalSection
	GlobalSection(ProjectConfigurationPlatforms) = postSolution
		{D5B62027-C3D7-0947-3A5F-90B3D6714071}.Debug|Any CPU.ActiveCfg = Debug|Any CPU
		{D5B62027-C3D7-0947-3A5F-90B3D6714071}.Debug|Any CPU.Build.0 = Debug|Any CPU
		{D5B62027-C3D7-0947-3A5F-90B3D6714071}.Release|Any CPU.ActiveCfg = Release|Any CPU
		{D5B62027-C3D7-0947-3A5F-90B3D6714071}.Release|Any CPU.Build.0 = Release|Any CPU
		{3BF34101-091B-CBDF-EBB9-69FD41CD6CEB}.Debug|Any CPU.ActiveCfg = Debug|Any CPU
		{3BF34101-091B-CBDF-EBB9-69FD41CD6CEB}.Debug|Any CPU.Build.0 = Debug|Any CPU
		{3BF34101-091B-CBDF-EBB9-69FD41CD6CEB}.Release|Any CPU.ActiveCfg = Release|Any CPU
		{3BF34101-091B-CBDF-EBB9-69FD41CD6CEB}.Release|Any CPU.Build.0 = Release|Any CPU
	EndGlobalSection
	GlobalSection(SolutionProperties) = preSolution
		HideSolutionNode = FALSE
	EndGlobalSection
EndGlobal
